door_keypad_1_date_start:
  name: Start Time
  has_date: true
  has_time: true
door_keypad_1_date_end:
  name: End Time
  has_date: true
  has_time: true
door_keypad_2_date_start:
  name: Start Time
  has_date: true
  has_time: true
door_keypad_2_date_end:
  name: End Time
  has_date: true
  has_time: true
door_keypad_3_date_start:
  name: Start Time
  has_date: true
  has_time: true
door_keypad_3_date_end:
  name: End Time
  has_date: true
  has_time: true
door_keypad_4_date_start:
  name: Start Time
  has_date: true
  has_time: true
door_keypad_4_date_end:
  name: End Time
  has_date: true
  has_time: true
door_keypad_5_date_start:
  name: Start Time
  has_date: true
  has_time: true
door_keypad_5_date_end:
  name: End Time
  has_date: true
  has_time: true
door_keypad_6_date_start:
  name: Start Time
  has_date: true
  has_time: true
door_keypad_6_date_end:
  name: End Time
  has_date: true
  has_time: true
door_keypad_7_date_start:
  name: Start Time
  has_date: true
  has_time: true
door_keypad_7_date_end:
  name: End Time
  has_date: true
  has_time: true
door_keypad_8_date_start:
  name: Start Time
  has_date: true
  has_time: true
door_keypad_8_date_end:
  name: End Time
  has_date: true
  has_time: true
