door_keypad_1_front_switch:
  name: Front Door
door_keypad_2_front_switch:
  name: Front Door
door_keypad_3_front_switch:
  name: Front Door
door_keypad_4_front_switch:
  name: Front Door
door_keypad_5_front_switch:
  name: Front Door
door_keypad_6_front_switch:
  name: Front Door
door_keypad_7_front_switch:
  name: Front Door
door_keypad_8_front_switch:
  name: Front Door
