door_keypad_1_name:
  name: Name
door_keypad_1_code:
  name: Code
  pattern: '[0-9]*'
door_keypad_2_name:
  name: Name
door_keypad_2_code:
  name: Code
  pattern: '[0-9]*'
door_keypad_3_name:
  name: Name
door_keypad_3_code:
  name: Code
  pattern: '[0-9]*'
door_keypad_4_name:
  name: Name
door_keypad_4_code:
  name: Code
  pattern: '[0-9]*'
door_keypad_5_name:
  name: Name
door_keypad_5_code:
  name: Code
  pattern: '[0-9]*'
door_keypad_6_name:
  name: Name
door_keypad_6_code:
  name: Code
  pattern: '[0-9]*'
door_keypad_7_name:
  name: Name
door_keypad_7_code:
  name: Code
  pattern: '[0-9]*'
door_keypad_8_name:
  name: Name
door_keypad_8_code:
  name: Code
  pattern: '[0-9]*'
